
Microsoft Visual Studio Solution File, Format Version 12.00
# Visual Studio Version 17
VisualStudioVersion = 17.6.33723.286
MinimumVisualStudioVersion = 10.0.40219.1
Project("{FAE04EC0-301F-11D3-BF4B-00C04F79EFBC}") = "02-sumar-dos-numeros", "02-sumar-dos-numeros\02-sumar-dos-numeros.csproj", "{67B0E8B4-EAB1-428E-9F9D-19BA1DBA91CF}"
EndProject
Global
	GlobalSection(SolutionConfigurationPlatforms) = preSolution
		Debug|Any CPU = Debug|Any CPU
		Release|Any CPU = Release|Any CPU
	EndGlobalSection
	GlobalSection(ProjectConfigurationPlatforms) = postSolution
		{67B0E8B4-EAB1-428E-9F9D-19BA1DBA91CF}.Debug|Any CPU.ActiveCfg = Debug|Any CPU
		{67B0E8B4-EAB1-428E-9F9D-19BA1DBA91CF}.Debug|Any CPU.Build.0 = Debug|Any CPU
		{67B0E8B4-EAB1-428E-9F9D-19BA1DBA91CF}.Release|Any CPU.ActiveCfg = Release|Any CPU
		{67B0E8B4-EAB1-428E-9F9D-19BA1DBA91CF}.Release|Any CPU.Build.0 = Release|Any CPU
	EndGlobalSection
	GlobalSection(SolutionProperties) = preSolution
		HideSolutionNode = FALSE
	EndGlobalSection
	GlobalSection(ExtensibilityGlobals) = postSolution
		SolutionGuid = {E6374C0E-9695-4E05-80D3-C6A1D472B409}
	EndGlobalSection
EndGlobal
