
Microsoft Visual Studio Solution File, Format Version 12.00
# Visual Studio Version 17
VisualStudioVersion = 17.9.34728.123
MinimumVisualStudioVersion = 10.0.40219.1
Project("{FAE04EC0-301F-11D3-BF4B-00C04F79EFBC}") = "00General", "00General\00General.csproj", "{A65D42B7-BBBD-4A67-996C-318A86651128}"
EndProject
Global
	GlobalSection(SolutionConfigurationPlatforms) = preSolution
		Debug|Any CPU = Debug|Any CPU
		Release|Any CPU = Release|Any CPU
	EndGlobalSection
	GlobalSection(ProjectConfigurationPlatforms) = postSolution
		{A65D42B7-BBBD-4A67-996C-318A86651128}.Debug|Any CPU.ActiveCfg = Debug|Any CPU
		{A65D42B7-BBBD-4A67-996C-318A86651128}.Debug|Any CPU.Build.0 = Debug|Any CPU
		{A65D42B7-BBBD-4A67-996C-318A86651128}.Release|Any CPU.ActiveCfg = Release|Any CPU
		{A65D42B7-BBBD-4A67-996C-318A86651128}.Release|Any CPU.Build.0 = Release|Any CPU
	EndGlobalSection
	GlobalSection(SolutionProperties) = preSolution
		HideSolutionNode = FALSE
	EndGlobalSection
	GlobalSection(ExtensibilityGlobals) = postSolution
		SolutionGuid = {58D12340-90C7-4432-B1E3-E4FB04105924}
	EndGlobalSection
EndGlobal
